{
  "pins" : [
    {
      "identity" : "checkout-risk-sdk-ios",
      "kind" : "remoteSourceControl",
      "location" : "https://github.com/checkout/checkout-risk-sdk-ios.git",
      "state" : {
        "branch" : "main",
        "revision" : "35eb48dd5142882977105a4cc2e189bae281595c"
      }
    }
  ],
  "version" : 2
}
