{
  "pins" : [
    {
      "identity" : "checkout-risk-sdk-ios",
      "kind" : "remoteSourceControl",
      "location" : "https://github.com/checkout/checkout-risk-sdk-ios.git",
      "state" : {
        "branch" : "PRISM-10045-hello-world-i-os-package",
        "revision" : "4c1254c20440b5fce1dbd0be844438bcace23c8e"
      }
    }
  ],
  "version" : 2
}
