// !$*UTF8*$!
{
	archiveVersion = 1;
	classes = {
	};
	objectVersion = 56;
	objects = {

/* Begin PBXBuildFile section */
		BA0B00492AD6A5280037D9FF /* RiskIosExampleApp.swift in Sources */ = {isa = PBXBuildFile; fileRef = BA0B00482AD6A5280037D9FF /* RiskIosExampleApp.swift */; };
		BA0B004B2AD6A5280037D9FF /* ContentView.swift in Sources */ = {isa = PBXBuildFile; fileRef = BA0B004A2AD6A5280037D9FF /* ContentView.swift */; };
		BA0B004D2AD6A52A0037D9FF /* Assets.xcassets in Resources */ = {isa = PBXBuildFile; fileRef = BA0B004C2AD6A52A0037D9FF /* Assets.xcassets */; };
		BA0B00502AD6A52A0037D9FF /* Preview Assets.xcassets in Resources */ = {isa = PBXBuildFile; fileRef = BA0B004F2AD6A52A0037D9FF /* Preview Assets.xcassets */; };
		BA0B005A2AD6A52A0037D9FF /* RiskIosExampleTests.swift in Sources */ = {isa = PBXBuildFile; fileRef = BA0B00592AD6A52A0037D9FF /* RiskIosExampleTests.swift */; };
		BA0B00642AD6A52A0037D9FF /* RiskIosExampleUITests.swift in Sources */ = {isa = PBXBuildFile; fileRef = BA0B00632AD6A52A0037D9FF /* RiskIosExampleUITests.swift */; };
		BA0B00662AD6A52A0037D9FF /* RiskIosExampleUITestsLaunchTests.swift in Sources */ = {isa = PBXBuildFile; fileRef = BA0B00652AD6A52A0037D9FF /* RiskIosExampleUITestsLaunchTests.swift */; };
		BAE398122AD7FCB600E64B16 /* RiskIos in Frameworks */ = {isa = PBXBuildFile; productRef = BAE398112AD7FCB600E64B16 /* RiskIos */; };
/* End PBXBuildFile section */

/* Begin PBXContainerItemProxy section */
		BA0B00562AD6A52A0037D9FF /* PBXContainerItemProxy */ = {
			isa = PBXContainerItemProxy;
			containerPortal = BA0B003D2AD6A5280037D9FF /* Project object */;
			proxyType = 1;
			remoteGlobalIDString = BA0B00442AD6A5280037D9FF;
			remoteInfo = RiskIosExample;
		};
		BA0B00602AD6A52A0037D9FF /* PBXContainerItemProxy */ = {
			isa = PBXContainerItemProxy;
			containerPortal = BA0B003D2AD6A5280037D9FF /* Project object */;
			proxyType = 1;
			remoteGlobalIDString = BA0B00442AD6A5280037D9FF;
			remoteInfo = RiskIosExample;
		};
/* End PBXContainerItemProxy section */

/* Begin PBXFileReference section */
		BA0B00452AD6A5280037D9FF /* RiskIosExample.app */ = {isa = PBXFileReference; explicitFileType = wrapper.application; includeInIndex = 0; path = RiskIosExample.app; sourceTree = BUILT_PRODUCTS_DIR; };
		BA0B00482AD6A5280037D9FF /* RiskIosExampleApp.swift */ = {isa = PBXFileReference; lastKnownFileType = sourcecode.swift; path = RiskIosExampleApp.swift; sourceTree = "<group>"; };
		BA0B004A2AD6A5280037D9FF /* ContentView.swift */ = {isa = PBXFileReference; lastKnownFileType = sourcecode.swift; path = ContentView.swift; sourceTree = "<group>"; };
		BA0B004C2AD6A52A0037D9FF /* Assets.xcassets */ = {isa = PBXFileReference; lastKnownFileType = folder.assetcatalog; path = Assets.xcassets; sourceTree = "<group>"; };
		BA0B004F2AD6A52A0037D9FF /* Preview Assets.xcassets */ = {isa = PBXFileReference; lastKnownFileType = folder.assetcatalog; path = "Preview Assets.xcassets"; sourceTree = "<group>"; };
		BA0B00552AD6A52A0037D9FF /* RiskIosExampleTests.xctest */ = {isa = PBXFileReference; explicitFileType = wrapper.cfbundle; includeInIndex = 0; path = RiskIosExampleTests.xctest; sourceTree = BUILT_PRODUCTS_DIR; };
		BA0B00592AD6A52A0037D9FF /* RiskIosExampleTests.swift */ = {isa = PBXFileReference; lastKnownFileType = sourcecode.swift; path = RiskIosExampleTests.swift; sourceTree = "<group>"; };
		BA0B005F2AD6A52A0037D9FF /* RiskIosExampleUITests.xctest */ = {isa = PBXFileReference; explicitFileType = wrapper.cfbundle; includeInIndex = 0; path = RiskIosExampleUITests.xctest; sourceTree = BUILT_PRODUCTS_DIR; };
		BA0B00632AD6A52A0037D9FF /* RiskIosExampleUITests.swift */ = {isa = PBXFileReference; lastKnownFileType = sourcecode.swift; path = RiskIosExampleUITests.swift; sourceTree = "<group>"; };
		BA0B00652AD6A52A0037D9FF /* RiskIosExampleUITestsLaunchTests.swift */ = {isa = PBXFileReference; lastKnownFileType = sourcecode.swift; path = RiskIosExampleUITestsLaunchTests.swift; sourceTree = "<group>"; };
/* End PBXFileReference section */

/* Begin PBXFrameworksBuildPhase section */
		BA0B00422AD6A5280037D9FF /* Frameworks */ = {
			isa = PBXFrameworksBuildPhase;
			buildActionMask = 2147483647;
			files = (
				BAE398122AD7FCB600E64B16 /* RiskIos in Frameworks */,
			);
			runOnlyForDeploymentPostprocessing = 0;
		};
		BA0B00522AD6A52A0037D9FF /* Frameworks */ = {
			isa = PBXFrameworksBuildPhase;
			buildActionMask = 2147483647;
			files = (
			);
			runOnlyForDeploymentPostprocessing = 0;
		};
		BA0B005C2AD6A52A0037D9FF /* Frameworks */ = {
			isa = PBXFrameworksBuildPhase;
			buildActionMask = 2147483647;
			files = (
			);
			runOnlyForDeploymentPostprocessing = 0;
		};
/* End PBXFrameworksBuildPhase section */

/* Begin PBXGroup section */
		BA0B003C2AD6A5280037D9FF = {
			isa = PBXGroup;
			children = (
				BA0B00472AD6A5280037D9FF /* RiskIosExample */,
				BA0B00582AD6A52A0037D9FF /* RiskIosExampleTests */,
				BA0B00622AD6A52A0037D9FF /* RiskIosExampleUITests */,
				BA0B00462AD6A5280037D9FF /* Products */,
			);
			sourceTree = "<group>";
		};
		BA0B00462AD6A5280037D9FF /* Products */ = {
			isa = PBXGroup;
			children = (
				BA0B00452AD6A5280037D9FF /* RiskIosExample.app */,
				BA0B00552AD6A52A0037D9FF /* RiskIosExampleTests.xctest */,
				BA0B005F2AD6A52A0037D9FF /* RiskIosExampleUITests.xctest */,
			);
			name = Products;
			sourceTree = "<group>";
		};
		BA0B00472AD6A5280037D9FF /* RiskIosExample */ = {
			isa = PBXGroup;
			children = (
				BA0B00482AD6A5280037D9FF /* RiskIosExampleApp.swift */,
				BA0B004A2AD6A5280037D9FF /* ContentView.swift */,
				BA0B004C2AD6A52A0037D9FF /* Assets.xcassets */,
				BA0B004E2AD6A52A0037D9FF /* Preview Content */,
			);
			path = RiskIosExample;
			sourceTree = "<group>";
		};
		BA0B004E2AD6A52A0037D9FF /* Preview Content */ = {
			isa = PBXGroup;
			children = (
				BA0B004F2AD6A52A0037D9FF /* Preview Assets.xcassets */,
			);
			path = "Preview Content";
			sourceTree = "<group>";
		};
		BA0B00582AD6A52A0037D9FF /* RiskIosExampleTests */ = {
			isa = PBXGroup;
			children = (
				BA0B00592AD6A52A0037D9FF /* RiskIosExampleTests.swift */,
			);
			path = RiskIosExampleTests;
			sourceTree = "<group>";
		};
		BA0B00622AD6A52A0037D9FF /* RiskIosExampleUITests */ = {
			isa = PBXGroup;
			children = (
				BA0B00632AD6A52A0037D9FF /* RiskIosExampleUITests.swift */,
				BA0B00652AD6A52A0037D9FF /* RiskIosExampleUITestsLaunchTests.swift */,
			);
			path = RiskIosExampleUITests;
			sourceTree = "<group>";
		};
/* End PBXGroup section */

/* Begin PBXNativeTarget section */
		BA0B00442AD6A5280037D9FF /* RiskIosExample */ = {
			isa = PBXNativeTarget;
			buildConfigurationList = BA0B00692AD6A52A0037D9FF /* Build configuration list for PBXNativeTarget "RiskIosExample" */;
			buildPhases = (
				BA0B00412AD6A5280037D9FF /* Sources */,
				BA0B00422AD6A5280037D9FF /* Frameworks */,
				BA0B00432AD6A5280037D9FF /* Resources */,
			);
			buildRules = (
			);
			dependencies = (
			);
			name = RiskIosExample;
			packageProductDependencies = (
				BAE398112AD7FCB600E64B16 /* RiskIos */,
			);
			productName = RiskIosExample;
			productReference = BA0B00452AD6A5280037D9FF /* RiskIosExample.app */;
			productType = "com.apple.product-type.application";
		};
		BA0B00542AD6A52A0037D9FF /* RiskIosExampleTests */ = {
			isa = PBXNativeTarget;
			buildConfigurationList = BA0B006C2AD6A52A0037D9FF /* Build configuration list for PBXNativeTarget "RiskIosExampleTests" */;
			buildPhases = (
				BA0B00512AD6A52A0037D9FF /* Sources */,
				BA0B00522AD6A52A0037D9FF /* Frameworks */,
				BA0B00532AD6A52A0037D9FF /* Resources */,
			);
			buildRules = (
			);
			dependencies = (
				BA0B00572AD6A52A0037D9FF /* PBXTargetDependency */,
			);
			name = RiskIosExampleTests;
			productName = RiskIosExampleTests;
			productReference = BA0B00552AD6A52A0037D9FF /* RiskIosExampleTests.xctest */;
			productType = "com.apple.product-type.bundle.unit-test";
		};
		BA0B005E2AD6A52A0037D9FF /* RiskIosExampleUITests */ = {
			isa = PBXNativeTarget;
			buildConfigurationList = BA0B006F2AD6A52A0037D9FF /* Build configuration list for PBXNativeTarget "RiskIosExampleUITests" */;
			buildPhases = (
				BA0B005B2AD6A52A0037D9FF /* Sources */,
				BA0B005C2AD6A52A0037D9FF /* Frameworks */,
				BA0B005D2AD6A52A0037D9FF /* Resources */,
			);
			buildRules = (
			);
			dependencies = (
				BA0B00612AD6A52A0037D9FF /* PBXTargetDependency */,
			);
			name = RiskIosExampleUITests;
			productName = RiskIosExampleUITests;
			productReference = BA0B005F2AD6A52A0037D9FF /* RiskIosExampleUITests.xctest */;
			productType = "com.apple.product-type.bundle.ui-testing";
		};
/* End PBXNativeTarget section */

/* Begin PBXProject section */
		BA0B003D2AD6A5280037D9FF /* Project object */ = {
			isa = PBXProject;
			attributes = {
				BuildIndependentTargetsInParallel = 1;
				LastSwiftUpdateCheck = 1500;
				LastUpgradeCheck = 1500;
				TargetAttributes = {
					BA0B00442AD6A5280037D9FF = {
						CreatedOnToolsVersion = 15.0;
					};
					BA0B00542AD6A52A0037D9FF = {
						CreatedOnToolsVersion = 15.0;
						TestTargetID = BA0B00442AD6A5280037D9FF;
					};
					BA0B005E2AD6A52A0037D9FF = {
						CreatedOnToolsVersion = 15.0;
						TestTargetID = BA0B00442AD6A5280037D9FF;
					};
				};
			};
			buildConfigurationList = BA0B00402AD6A5280037D9FF /* Build configuration list for PBXProject "RiskIosExample" */;
			compatibilityVersion = "Xcode 14.0";
			developmentRegion = en;
			hasScannedForEncodings = 0;
			knownRegions = (
				en,
				Base,
			);
			mainGroup = BA0B003C2AD6A5280037D9FF;
			packageReferences = (
				BA0B00A82AD6D84B0037D9FF /* XCRemoteSwiftPackageReference "checkout-risk-sdk-ios" */,
			);
			productRefGroup = BA0B00462AD6A5280037D9FF /* Products */;
			projectDirPath = "";
			projectRoot = "";
			targets = (
				BA0B00442AD6A5280037D9FF /* RiskIosExample */,
				BA0B00542AD6A52A0037D9FF /* RiskIosExampleTests */,
				BA0B005E2AD6A52A0037D9FF /* RiskIosExampleUITests */,
			);
		};
/* End PBXProject section */

/* Begin PBXResourcesBuildPhase section */
		BA0B00432AD6A5280037D9FF /* Resources */ = {
			isa = PBXResourcesBuildPhase;
			buildActionMask = 2147483647;
			files = (
				BA0B00502AD6A52A0037D9FF /* Preview Assets.xcassets in Resources */,
				BA0B004D2AD6A52A0037D9FF /* Assets.xcassets in Resources */,
			);
			runOnlyForDeploymentPostprocessing = 0;
		};
		BA0B00532AD6A52A0037D9FF /* Resources */ = {
			isa = PBXResourcesBuildPhase;
			buildActionMask = 2147483647;
			files = (
			);
			runOnlyForDeploymentPostprocessing = 0;
		};
		BA0B005D2AD6A52A0037D9FF /* Resources */ = {
			isa = PBXResourcesBuildPhase;
			buildActionMask = 2147483647;
			files = (
			);
			runOnlyForDeploymentPostprocessing = 0;
		};
/* End PBXResourcesBuildPhase section */

/* Begin PBXSourcesBuildPhase section */
		BA0B00412AD6A5280037D9FF /* Sources */ = {
			isa = PBXSourcesBuildPhase;
			buildActionMask = 2147483647;
			files = (
				BA0B004B2AD6A5280037D9FF /* ContentView.swift in Sources */,
				BA0B00492AD6A5280037D9FF /* RiskIosExampleApp.swift in Sources */,
			);
			runOnlyForDeploymentPostprocessing = 0;
		};
		BA0B00512AD6A52A0037D9FF /* Sources */ = {
			isa = PBXSourcesBuildPhase;
			buildActionMask = 2147483647;
			files = (
				BA0B005A2AD6A52A0037D9FF /* RiskIosExampleTests.swift in Sources */,
			);
			runOnlyForDeploymentPostprocessing = 0;
		};
		BA0B005B2AD6A52A0037D9FF /* Sources */ = {
			isa = PBXSourcesBuildPhase;
			buildActionMask = 2147483647;
			files = (
				BA0B00662AD6A52A0037D9FF /* RiskIosExampleUITestsLaunchTests.swift in Sources */,
				BA0B00642AD6A52A0037D9FF /* RiskIosExampleUITests.swift in Sources */,
			);
			runOnlyForDeploymentPostprocessing = 0;
		};
/* End PBXSourcesBuildPhase section */

/* Begin PBXTargetDependency section */
		BA0B00572AD6A52A0037D9FF /* PBXTargetDependency */ = {
			isa = PBXTargetDependency;
			target = BA0B00442AD6A5280037D9FF /* RiskIosExample */;
			targetProxy = BA0B00562AD6A52A0037D9FF /* PBXContainerItemProxy */;
		};
		BA0B00612AD6A52A0037D9FF /* PBXTargetDependency */ = {
			isa = PBXTargetDependency;
			target = BA0B00442AD6A5280037D9FF /* RiskIosExample */;
			targetProxy = BA0B00602AD6A52A0037D9FF /* PBXContainerItemProxy */;
		};
/* End PBXTargetDependency section */

/* Begin XCBuildConfiguration section */
		BA0B00672AD6A52A0037D9FF /* Debug */ = {
			isa = XCBuildConfiguration;
			buildSettings = {
				ALWAYS_SEARCH_USER_PATHS = NO;
				ASSETCATALOG_COMPILER_GENERATE_SWIFT_ASSET_SYMBOL_EXTENSIONS = YES;
				CLANG_ANALYZER_NONNULL = YES;
				CLANG_ANALYZER_NUMBER_OBJECT_CONVERSION = YES_AGGRESSIVE;
				CLANG_CXX_LANGUAGE_STANDARD = "gnu++20";
				CLANG_ENABLE_MODULES = YES;
				CLANG_ENABLE_OBJC_ARC = YES;
				CLANG_ENABLE_OBJC_WEAK = YES;
				CLANG_WARN_BLOCK_CAPTURE_AUTORELEASING = YES;
				CLANG_WARN_BOOL_CONVERSION = YES;
				CLANG_WARN_COMMA = YES;
				CLANG_WARN_CONSTANT_CONVERSION = YES;
				CLANG_WARN_DEPRECATED_OBJC_IMPLEMENTATIONS = YES;
				CLANG_WARN_DIRECT_OBJC_ISA_USAGE = YES_ERROR;
				CLANG_WARN_DOCUMENTATION_COMMENTS = YES;
				CLANG_WARN_EMPTY_BODY = YES;
				CLANG_WARN_ENUM_CONVERSION = YES;
				CLANG_WARN_INFINITE_RECURSION = YES;
				CLANG_WARN_INT_CONVERSION = YES;
				CLANG_WARN_NON_LITERAL_NULL_CONVERSION = YES;
				CLANG_WARN_OBJC_IMPLICIT_RETAIN_SELF = YES;
				CLANG_WARN_OBJC_LITERAL_CONVERSION = YES;
				CLANG_WARN_OBJC_ROOT_CLASS = YES_ERROR;
				CLANG_WARN_QUOTED_INCLUDE_IN_FRAMEWORK_HEADER = YES;
				CLANG_WARN_RANGE_LOOP_ANALYSIS = YES;
				CLANG_WARN_STRICT_PROTOTYPES = YES;
				CLANG_WARN_SUSPICIOUS_MOVE = YES;
				CLANG_WARN_UNGUARDED_AVAILABILITY = YES_AGGRESSIVE;
				CLANG_WARN_UNREACHABLE_CODE = YES;
				CLANG_WARN__DUPLICATE_METHOD_MATCH = YES;
				COPY_PHASE_STRIP = NO;
				DEBUG_INFORMATION_FORMAT = dwarf;
				ENABLE_STRICT_OBJC_MSGSEND = YES;
				ENABLE_TESTABILITY = YES;
				ENABLE_USER_SCRIPT_SANDBOXING = YES;
				GCC_C_LANGUAGE_STANDARD = gnu17;
				GCC_DYNAMIC_NO_PIC = NO;
				GCC_NO_COMMON_BLOCKS = YES;
				GCC_OPTIMIZATION_LEVEL = 0;
				GCC_PREPROCESSOR_DEFINITIONS = (
					"DEBUG=1",
					"$(inherited)",
				);
				GCC_WARN_64_TO_32_BIT_CONVERSION = YES;
				GCC_WARN_ABOUT_RETURN_TYPE = YES_ERROR;
				GCC_WARN_UNDECLARED_SELECTOR = YES;
				GCC_WARN_UNINITIALIZED_AUTOS = YES_AGGRESSIVE;
				GCC_WARN_UNUSED_FUNCTION = YES;
				GCC_WARN_UNUSED_VARIABLE = YES;
				IPHONEOS_DEPLOYMENT_TARGET = 17.0;
				LOCALIZATION_PREFERS_STRING_CATALOGS = YES;
				MTL_ENABLE_DEBUG_INFO = INCLUDE_SOURCE;
				MTL_FAST_MATH = YES;
				NEW_SETTING = "";
				ONLY_ACTIVE_ARCH = YES;
				SDKROOT = iphoneos;
				SWIFT_ACTIVE_COMPILATION_CONDITIONS = "DEBUG $(inherited)";
				SWIFT_OPTIMIZATION_LEVEL = "-Onone";
			};
			name = Debug;
		};
		BA0B00682AD6A52A0037D9FF /* Release */ = {
			isa = XCBuildConfiguration;
			buildSettings = {
				ALWAYS_SEARCH_USER_PATHS = NO;
				ASSETCATALOG_COMPILER_GENERATE_SWIFT_ASSET_SYMBOL_EXTENSIONS = YES;
				CLANG_ANALYZER_NONNULL = YES;
				CLANG_ANALYZER_NUMBER_OBJECT_CONVERSION = YES_AGGRESSIVE;
				CLANG_CXX_LANGUAGE_STANDARD = "gnu++20";
				CLANG_ENABLE_MODULES = YES;
				CLANG_ENABLE_OBJC_ARC = YES;
				CLANG_ENABLE_OBJC_WEAK = YES;
				CLANG_WARN_BLOCK_CAPTURE_AUTORELEASING = YES;
				CLANG_WARN_BOOL_CONVERSION = YES;
				CLANG_WARN_COMMA = YES;
				CLANG_WARN_CONSTANT_CONVERSION = YES;
				CLANG_WARN_DEPRECATED_OBJC_IMPLEMENTATIONS = YES;
				CLANG_WARN_DIRECT_OBJC_ISA_USAGE = YES_ERROR;
				CLANG_WARN_DOCUMENTATION_COMMENTS = YES;
				CLANG_WARN_EMPTY_BODY = YES;
				CLANG_WARN_ENUM_CONVERSION = YES;
				CLANG_WARN_INFINITE_RECURSION = YES;
				CLANG_WARN_INT_CONVERSION = YES;
				CLANG_WARN_NON_LITERAL_NULL_CONVERSION = YES;
				CLANG_WARN_OBJC_IMPLICIT_RETAIN_SELF = YES;
				CLANG_WARN_OBJC_LITERAL_CONVERSION = YES;
				CLANG_WARN_OBJC_ROOT_CLASS = YES_ERROR;
				CLANG_WARN_QUOTED_INCLUDE_IN_FRAMEWORK_HEADER = YES;
				CLANG_WARN_RANGE_LOOP_ANALYSIS = YES;
				CLANG_WARN_STRICT_PROTOTYPES = YES;
				CLANG_WARN_SUSPICIOUS_MOVE = YES;
				CLANG_WARN_UNGUARDED_AVAILABILITY = YES_AGGRESSIVE;
				CLANG_WARN_UNREACHABLE_CODE = YES;
				CLANG_WARN__DUPLICATE_METHOD_MATCH = YES;
				COPY_PHASE_STRIP = NO;
				DEBUG_INFORMATION_FORMAT = "dwarf-with-dsym";
				ENABLE_NS_ASSERTIONS = NO;
				ENABLE_STRICT_OBJC_MSGSEND = YES;
				ENABLE_USER_SCRIPT_SANDBOXING = YES;
				GCC_C_LANGUAGE_STANDARD = gnu17;
				GCC_NO_COMMON_BLOCKS = YES;
				GCC_WARN_64_TO_32_BIT_CONVERSION = YES;
				GCC_WARN_ABOUT_RETURN_TYPE = YES_ERROR;
				GCC_WARN_UNDECLARED_SELECTOR = YES;
				GCC_WARN_UNINITIALIZED_AUTOS = YES_AGGRESSIVE;
				GCC_WARN_UNUSED_FUNCTION = YES;
				GCC_WARN_UNUSED_VARIABLE = YES;
				IPHONEOS_DEPLOYMENT_TARGET = 17.0;
				LOCALIZATION_PREFERS_STRING_CATALOGS = YES;
				MTL_ENABLE_DEBUG_INFO = NO;
				MTL_FAST_MATH = YES;
				NEW_SETTING = "";
				SDKROOT = iphoneos;
				SWIFT_COMPILATION_MODE = wholemodule;
				VALIDATE_PRODUCT = YES;
			};
			name = Release;
		};
		BA0B006A2AD6A52A0037D9FF /* Debug */ = {
			isa = XCBuildConfiguration;
			buildSettings = {
				ASSETCATALOG_COMPILER_APPICON_NAME = AppIcon;
				ASSETCATALOG_COMPILER_GLOBAL_ACCENT_COLOR_NAME = AccentColor;
				CODE_SIGN_STYLE = Automatic;
				CURRENT_PROJECT_VERSION = 1;
				DEVELOPMENT_ASSET_PATHS = "\"RiskIosExample/Preview Content\"";
				ENABLE_PREVIEWS = YES;
				GENERATE_INFOPLIST_FILE = YES;
				INFOPLIST_KEY_UIApplicationSceneManifest_Generation = YES;
				INFOPLIST_KEY_UIApplicationSupportsIndirectInputEvents = YES;
				INFOPLIST_KEY_UILaunchScreen_Generation = YES;
				INFOPLIST_KEY_UISupportedInterfaceOrientations_iPad = "UIInterfaceOrientationPortrait UIInterfaceOrientationPortraitUpsideDown UIInterfaceOrientationLandscapeLeft UIInterfaceOrientationLandscapeRight";
				INFOPLIST_KEY_UISupportedInterfaceOrientations_iPhone = "UIInterfaceOrientationPortrait UIInterfaceOrientationLandscapeLeft UIInterfaceOrientationLandscapeRight";
				LD_RUNPATH_SEARCH_PATHS = (
					"$(inherited)",
					"@executable_path/Frameworks",
				);
				MARKETING_VERSION = 1.0;
				PRODUCT_BUNDLE_IDENTIFIER = com.checkout.RiskIosExample;
				PRODUCT_NAME = "$(TARGET_NAME)";
				SWIFT_EMIT_LOC_STRINGS = YES;
				SWIFT_VERSION = 5.0;
				TARGETED_DEVICE_FAMILY = "1,2";
			};
			name = Debug;
		};
		BA0B006B2AD6A52A0037D9FF /* Release */ = {
			isa = XCBuildConfiguration;
			buildSettings = {
				ASSETCATALOG_COMPILER_APPICON_NAME = AppIcon;
				ASSETCATALOG_COMPILER_GLOBAL_ACCENT_COLOR_NAME = AccentColor;
				CODE_SIGN_STYLE = Automatic;
				CURRENT_PROJECT_VERSION = 1;
				DEVELOPMENT_ASSET_PATHS = "\"RiskIosExample/Preview Content\"";
				ENABLE_PREVIEWS = YES;
				GENERATE_INFOPLIST_FILE = YES;
				INFOPLIST_KEY_UIApplicationSceneManifest_Generation = YES;
				INFOPLIST_KEY_UIApplicationSupportsIndirectInputEvents = YES;
				INFOPLIST_KEY_UILaunchScreen_Generation = YES;
				INFOPLIST_KEY_UISupportedInterfaceOrientations_iPad = "UIInterfaceOrientationPortrait UIInterfaceOrientationPortraitUpsideDown UIInterfaceOrientationLandscapeLeft UIInterfaceOrientationLandscapeRight";
				INFOPLIST_KEY_UISupportedInterfaceOrientations_iPhone = "UIInterfaceOrientationPortrait UIInterfaceOrientationLandscapeLeft UIInterfaceOrientationLandscapeRight";
				LD_RUNPATH_SEARCH_PATHS = (
					"$(inherited)",
					"@executable_path/Frameworks",
				);
				MARKETING_VERSION = 1.0;
				PRODUCT_BUNDLE_IDENTIFIER = com.checkout.RiskIosExample;
				PRODUCT_NAME = "$(TARGET_NAME)";
				SWIFT_EMIT_LOC_STRINGS = YES;
				SWIFT_VERSION = 5.0;
				TARGETED_DEVICE_FAMILY = "1,2";
			};
			name = Release;
		};
		BA0B006D2AD6A52A0037D9FF /* Debug */ = {
			isa = XCBuildConfiguration;
			buildSettings = {
				ALWAYS_EMBED_SWIFT_STANDARD_LIBRARIES = YES;
				BUNDLE_LOADER = "$(TEST_HOST)";
				CODE_SIGN_STYLE = Automatic;
				CURRENT_PROJECT_VERSION = 1;
				GENERATE_INFOPLIST_FILE = YES;
				IPHONEOS_DEPLOYMENT_TARGET = 17.0;
				MARKETING_VERSION = 1.0;
				PRODUCT_BUNDLE_IDENTIFIER = com.checkout.RiskIosExampleTests;
				PRODUCT_NAME = "$(TARGET_NAME)";
				SWIFT_EMIT_LOC_STRINGS = NO;
				SWIFT_VERSION = 5.0;
				TARGETED_DEVICE_FAMILY = "1,2";
				TEST_HOST = "$(BUILT_PRODUCTS_DIR)/RiskIosExample.app/$(BUNDLE_EXECUTABLE_FOLDER_PATH)/RiskIosExample";
			};
			name = Debug;
		};
		BA0B006E2AD6A52A0037D9FF /* Release */ = {
			isa = XCBuildConfiguration;
			buildSettings = {
				ALWAYS_EMBED_SWIFT_STANDARD_LIBRARIES = YES;
				BUNDLE_LOADER = "$(TEST_HOST)";
				CODE_SIGN_STYLE = Automatic;
				CURRENT_PROJECT_VERSION = 1;
				GENERATE_INFOPLIST_FILE = YES;
				IPHONEOS_DEPLOYMENT_TARGET = 17.0;
				MARKETING_VERSION = 1.0;
				PRODUCT_BUNDLE_IDENTIFIER = com.checkout.RiskIosExampleTests;
				PRODUCT_NAME = "$(TARGET_NAME)";
				SWIFT_EMIT_LOC_STRINGS = NO;
				SWIFT_VERSION = 5.0;
				TARGETED_DEVICE_FAMILY = "1,2";
				TEST_HOST = "$(BUILT_PRODUCTS_DIR)/RiskIosExample.app/$(BUNDLE_EXECUTABLE_FOLDER_PATH)/RiskIosExample";
			};
			name = Release;
		};
		BA0B00702AD6A52A0037D9FF /* Debug */ = {
			isa = XCBuildConfiguration;
			buildSettings = {
				ALWAYS_EMBED_SWIFT_STANDARD_LIBRARIES = YES;
				CODE_SIGN_STYLE = Automatic;
				CURRENT_PROJECT_VERSION = 1;
				GENERATE_INFOPLIST_FILE = YES;
				MARKETING_VERSION = 1.0;
				PRODUCT_BUNDLE_IDENTIFIER = com.checkout.RiskIosExampleUITests;
				PRODUCT_NAME = "$(TARGET_NAME)";
				SWIFT_EMIT_LOC_STRINGS = NO;
				SWIFT_VERSION = 5.0;
				TARGETED_DEVICE_FAMILY = "1,2";
				TEST_TARGET_NAME = RiskIosExample;
			};
			name = Debug;
		};
		BA0B00712AD6A52A0037D9FF /* Release */ = {
			isa = XCBuildConfiguration;
			buildSettings = {
				ALWAYS_EMBED_SWIFT_STANDARD_LIBRARIES = YES;
				CODE_SIGN_STYLE = Automatic;
				CURRENT_PROJECT_VERSION = 1;
				GENERATE_INFOPLIST_FILE = YES;
				MARKETING_VERSION = 1.0;
				PRODUCT_BUNDLE_IDENTIFIER = com.checkout.RiskIosExampleUITests;
				PRODUCT_NAME = "$(TARGET_NAME)";
				SWIFT_EMIT_LOC_STRINGS = NO;
				SWIFT_VERSION = 5.0;
				TARGETED_DEVICE_FAMILY = "1,2";
				TEST_TARGET_NAME = RiskIosExample;
			};
			name = Release;
		};
/* End XCBuildConfiguration section */

/* Begin XCConfigurationList section */
		BA0B00402AD6A5280037D9FF /* Build configuration list for PBXProject "RiskIosExample" */ = {
			isa = XCConfigurationList;
			buildConfigurations = (
				BA0B00672AD6A52A0037D9FF /* Debug */,
				BA0B00682AD6A52A0037D9FF /* Release */,
			);
			defaultConfigurationIsVisible = 0;
			defaultConfigurationName = Release;
		};
		BA0B00692AD6A52A0037D9FF /* Build configuration list for PBXNativeTarget "RiskIosExample" */ = {
			isa = XCConfigurationList;
			buildConfigurations = (
				BA0B006A2AD6A52A0037D9FF /* Debug */,
				BA0B006B2AD6A52A0037D9FF /* Release */,
			);
			defaultConfigurationIsVisible = 0;
			defaultConfigurationName = Release;
		};
		BA0B006C2AD6A52A0037D9FF /* Build configuration list for PBXNativeTarget "RiskIosExampleTests" */ = {
			isa = XCConfigurationList;
			buildConfigurations = (
				BA0B006D2AD6A52A0037D9FF /* Debug */,
				BA0B006E2AD6A52A0037D9FF /* Release */,
			);
			defaultConfigurationIsVisible = 0;
			defaultConfigurationName = Release;
		};
		BA0B006F2AD6A52A0037D9FF /* Build configuration list for PBXNativeTarget "RiskIosExampleUITests" */ = {
			isa = XCConfigurationList;
			buildConfigurations = (
				BA0B00702AD6A52A0037D9FF /* Debug */,
				BA0B00712AD6A52A0037D9FF /* Release */,
			);
			defaultConfigurationIsVisible = 0;
			defaultConfigurationName = Release;
		};
/* End XCConfigurationList section */

/* Begin XCRemoteSwiftPackageReference section */
		BA0B00A82AD6D84B0037D9FF /* XCRemoteSwiftPackageReference "checkout-risk-sdk-ios" */ = {
			isa = XCRemoteSwiftPackageReference;
			repositoryURL = "https://github.com/checkout/checkout-risk-sdk-ios.git";
			requirement = {
				branch = main;
				kind = branch;
			};
		};
/* End XCRemoteSwiftPackageReference section */

/* Begin XCSwiftPackageProductDependency section */
		BAE398112AD7FCB600E64B16 /* RiskIos */ = {
			isa = XCSwiftPackageProductDependency;
			package = BA0B00A82AD6D84B0037D9FF /* XCRemoteSwiftPackageReference "checkout-risk-sdk-ios" */;
			productName = RiskIos;
		};
/* End XCSwiftPackageProductDependency section */
	};
	rootObject = BA0B003D2AD6A5280037D9FF /* Project object */;
}
