// !$*UTF8*$!
{
	archiveVersion = 1;
	classes = {
	};
	objectVersion = 56;
	objects = {

/* Begin PBXBuildFile section */
		07FF205F5535500F26BD51A8 /* Pods_iOSExampleRiskCocoapods.framework in Frameworks */ = {isa = PBXBuildFile; fileRef = A0ECD5A6D05CA07FE5BF2564 /* Pods_iOSExampleRiskCocoapods.framework */; };
		BA2172372B222892000F3122 /* iOSExampleRiskCocoapodsApp.swift in Sources */ = {isa = PBXBuildFile; fileRef = BA2172362B222892000F3122 /* iOSExampleRiskCocoapodsApp.swift */; };
		BA2172392B222892000F3122 /* ContentView.swift in Sources */ = {isa = PBXBuildFile; fileRef = BA2172382B222892000F3122 /* ContentView.swift */; };
		BA21723B2B222893000F3122 /* Assets.xcassets in Resources */ = {isa = PBXBuildFile; fileRef = BA21723A2B222893000F3122 /* Assets.xcassets */; };
		BA21723E2B222893000F3122 /* Preview Assets.xcassets in Resources */ = {isa = PBXBuildFile; fileRef = BA21723D2B222893000F3122 /* Preview Assets.xcassets */; };
		BA2172482B222893000F3122 /* iOSExampleRiskCocoapodsTests.swift in Sources */ = {isa = PBXBuildFile; fileRef = BA2172472B222893000F3122 /* iOSExampleRiskCocoapodsTests.swift */; };
		BA2172522B222893000F3122 /* iOSExampleRiskCocoapodsUITests.swift in Sources */ = {isa = PBXBuildFile; fileRef = BA2172512B222893000F3122 /* iOSExampleRiskCocoapodsUITests.swift */; };
		BA2172542B222893000F3122 /* iOSExampleRiskCocoapodsUITestsLaunchTests.swift in Sources */ = {isa = PBXBuildFile; fileRef = BA2172532B222893000F3122 /* iOSExampleRiskCocoapodsUITestsLaunchTests.swift */; };
/* End PBXBuildFile section */

/* Begin PBXContainerItemProxy section */
		BA2172442B222893000F3122 /* PBXContainerItemProxy */ = {
			isa = PBXContainerItemProxy;
			containerPortal = BA21722B2B222892000F3122 /* Project object */;
			proxyType = 1;
			remoteGlobalIDString = BA2172322B222892000F3122;
			remoteInfo = iOSExampleRiskCocoapods;
		};
		BA21724E2B222893000F3122 /* PBXContainerItemProxy */ = {
			isa = PBXContainerItemProxy;
			containerPortal = BA21722B2B222892000F3122 /* Project object */;
			proxyType = 1;
			remoteGlobalIDString = BA2172322B222892000F3122;
			remoteInfo = iOSExampleRiskCocoapods;
		};
/* End PBXContainerItemProxy section */

/* Begin PBXFileReference section */
		0F81A80E8267F26382B1AE47 /* Pods-iOSExampleRiskCocoapods.debug.xcconfig */ = {isa = PBXFileReference; includeInIndex = 1; lastKnownFileType = text.xcconfig; name = "Pods-iOSExampleRiskCocoapods.debug.xcconfig"; path = "Target Support Files/Pods-iOSExampleRiskCocoapods/Pods-iOSExampleRiskCocoapods.debug.xcconfig"; sourceTree = "<group>"; };
		54C7F3A5660AB4D4048B1897 /* Pods-iOSExampleRiskCocoapods.release.xcconfig */ = {isa = PBXFileReference; includeInIndex = 1; lastKnownFileType = text.xcconfig; name = "Pods-iOSExampleRiskCocoapods.release.xcconfig"; path = "Target Support Files/Pods-iOSExampleRiskCocoapods/Pods-iOSExampleRiskCocoapods.release.xcconfig"; sourceTree = "<group>"; };
		A0ECD5A6D05CA07FE5BF2564 /* Pods_iOSExampleRiskCocoapods.framework */ = {isa = PBXFileReference; explicitFileType = wrapper.framework; includeInIndex = 0; path = Pods_iOSExampleRiskCocoapods.framework; sourceTree = BUILT_PRODUCTS_DIR; };
		BA2172332B222892000F3122 /* iOSExampleRiskCocoapods.app */ = {isa = PBXFileReference; explicitFileType = wrapper.application; includeInIndex = 0; path = iOSExampleRiskCocoapods.app; sourceTree = BUILT_PRODUCTS_DIR; };
		BA2172362B222892000F3122 /* iOSExampleRiskCocoapodsApp.swift */ = {isa = PBXFileReference; lastKnownFileType = sourcecode.swift; path = iOSExampleRiskCocoapodsApp.swift; sourceTree = "<group>"; };
		BA2172382B222892000F3122 /* ContentView.swift */ = {isa = PBXFileReference; lastKnownFileType = sourcecode.swift; path = ContentView.swift; sourceTree = "<group>"; };
		BA21723A2B222893000F3122 /* Assets.xcassets */ = {isa = PBXFileReference; lastKnownFileType = folder.assetcatalog; path = Assets.xcassets; sourceTree = "<group>"; };
		BA21723D2B222893000F3122 /* Preview Assets.xcassets */ = {isa = PBXFileReference; lastKnownFileType = folder.assetcatalog; path = "Preview Assets.xcassets"; sourceTree = "<group>"; };
		BA2172432B222893000F3122 /* iOSExampleRiskCocoapodsTests.xctest */ = {isa = PBXFileReference; explicitFileType = wrapper.cfbundle; includeInIndex = 0; path = iOSExampleRiskCocoapodsTests.xctest; sourceTree = BUILT_PRODUCTS_DIR; };
		BA2172472B222893000F3122 /* iOSExampleRiskCocoapodsTests.swift */ = {isa = PBXFileReference; lastKnownFileType = sourcecode.swift; path = iOSExampleRiskCocoapodsTests.swift; sourceTree = "<group>"; };
		BA21724D2B222893000F3122 /* iOSExampleRiskCocoapodsUITests.xctest */ = {isa = PBXFileReference; explicitFileType = wrapper.cfbundle; includeInIndex = 0; path = iOSExampleRiskCocoapodsUITests.xctest; sourceTree = BUILT_PRODUCTS_DIR; };
		BA2172512B222893000F3122 /* iOSExampleRiskCocoapodsUITests.swift */ = {isa = PBXFileReference; lastKnownFileType = sourcecode.swift; path = iOSExampleRiskCocoapodsUITests.swift; sourceTree = "<group>"; };
		BA2172532B222893000F3122 /* iOSExampleRiskCocoapodsUITestsLaunchTests.swift */ = {isa = PBXFileReference; lastKnownFileType = sourcecode.swift; path = iOSExampleRiskCocoapodsUITestsLaunchTests.swift; sourceTree = "<group>"; };
/* End PBXFileReference section */

/* Begin PBXFrameworksBuildPhase section */
		BA2172302B222892000F3122 /* Frameworks */ = {
			isa = PBXFrameworksBuildPhase;
			buildActionMask = 2147483647;
			files = (
				07FF205F5535500F26BD51A8 /* Pods_iOSExampleRiskCocoapods.framework in Frameworks */,
			);
			runOnlyForDeploymentPostprocessing = 0;
		};
		BA2172402B222893000F3122 /* Frameworks */ = {
			isa = PBXFrameworksBuildPhase;
			buildActionMask = 2147483647;
			files = (
			);
			runOnlyForDeploymentPostprocessing = 0;
		};
		BA21724A2B222893000F3122 /* Frameworks */ = {
			isa = PBXFrameworksBuildPhase;
			buildActionMask = 2147483647;
			files = (
			);
			runOnlyForDeploymentPostprocessing = 0;
		};
/* End PBXFrameworksBuildPhase section */

/* Begin PBXGroup section */
		80A1D511BF094B2B0225EB59 /* Frameworks */ = {
			isa = PBXGroup;
			children = (
				A0ECD5A6D05CA07FE5BF2564 /* Pods_iOSExampleRiskCocoapods.framework */,
			);
			name = Frameworks;
			sourceTree = "<group>";
		};
		BA1EBE144F376F20A56392E2 /* Pods */ = {
			isa = PBXGroup;
			children = (
				0F81A80E8267F26382B1AE47 /* Pods-iOSExampleRiskCocoapods.debug.xcconfig */,
				54C7F3A5660AB4D4048B1897 /* Pods-iOSExampleRiskCocoapods.release.xcconfig */,
			);
			path = Pods;
			sourceTree = "<group>";
		};
		BA21722A2B222892000F3122 = {
			isa = PBXGroup;
			children = (
				BA2172352B222892000F3122 /* iOSExampleRiskCocoapods */,
				BA2172462B222893000F3122 /* iOSExampleRiskCocoapodsTests */,
				BA2172502B222893000F3122 /* iOSExampleRiskCocoapodsUITests */,
				BA2172342B222892000F3122 /* Products */,
				BA1EBE144F376F20A56392E2 /* Pods */,
				80A1D511BF094B2B0225EB59 /* Frameworks */,
			);
			sourceTree = "<group>";
		};
		BA2172342B222892000F3122 /* Products */ = {
			isa = PBXGroup;
			children = (
				BA2172332B222892000F3122 /* iOSExampleRiskCocoapods.app */,
				BA2172432B222893000F3122 /* iOSExampleRiskCocoapodsTests.xctest */,
				BA21724D2B222893000F3122 /* iOSExampleRiskCocoapodsUITests.xctest */,
			);
			name = Products;
			sourceTree = "<group>";
		};
		BA2172352B222892000F3122 /* iOSExampleRiskCocoapods */ = {
			isa = PBXGroup;
			children = (
				BA2172362B222892000F3122 /* iOSExampleRiskCocoapodsApp.swift */,
				BA2172382B222892000F3122 /* ContentView.swift */,
				BA21723A2B222893000F3122 /* Assets.xcassets */,
				BA21723C2B222893000F3122 /* Preview Content */,
			);
			path = iOSExampleRiskCocoapods;
			sourceTree = "<group>";
		};
		BA21723C2B222893000F3122 /* Preview Content */ = {
			isa = PBXGroup;
			children = (
				BA21723D2B222893000F3122 /* Preview Assets.xcassets */,
			);
			path = "Preview Content";
			sourceTree = "<group>";
		};
		BA2172462B222893000F3122 /* iOSExampleRiskCocoapodsTests */ = {
			isa = PBXGroup;
			children = (
				BA2172472B222893000F3122 /* iOSExampleRiskCocoapodsTests.swift */,
			);
			path = iOSExampleRiskCocoapodsTests;
			sourceTree = "<group>";
		};
		BA2172502B222893000F3122 /* iOSExampleRiskCocoapodsUITests */ = {
			isa = PBXGroup;
			children = (
				BA2172512B222893000F3122 /* iOSExampleRiskCocoapodsUITests.swift */,
				BA2172532B222893000F3122 /* iOSExampleRiskCocoapodsUITestsLaunchTests.swift */,
			);
			path = iOSExampleRiskCocoapodsUITests;
			sourceTree = "<group>";
		};
/* End PBXGroup section */

/* Begin PBXNativeTarget section */
		BA2172322B222892000F3122 /* iOSExampleRiskCocoapods */ = {
			isa = PBXNativeTarget;
			buildConfigurationList = BA2172572B222893000F3122 /* Build configuration list for PBXNativeTarget "iOSExampleRiskCocoapods" */;
			buildPhases = (
				2ED72596176FA413DA74DF80 /* [CP] Check Pods Manifest.lock */,
				BA21722F2B222892000F3122 /* Sources */,
				BA2172302B222892000F3122 /* Frameworks */,
				BA2172312B222892000F3122 /* Resources */,
				71C48496EC74D393BF92679D /* [CP] Embed Pods Frameworks */,
			);
			buildRules = (
			);
			dependencies = (
			);
			name = iOSExampleRiskCocoapods;
			productName = iOSExampleRiskCocoapods;
			productReference = BA2172332B222892000F3122 /* iOSExampleRiskCocoapods.app */;
			productType = "com.apple.product-type.application";
		};
		BA2172422B222893000F3122 /* iOSExampleRiskCocoapodsTests */ = {
			isa = PBXNativeTarget;
			buildConfigurationList = BA21725A2B222893000F3122 /* Build configuration list for PBXNativeTarget "iOSExampleRiskCocoapodsTests" */;
			buildPhases = (
				BA21723F2B222893000F3122 /* Sources */,
				BA2172402B222893000F3122 /* Frameworks */,
				BA2172412B222893000F3122 /* Resources */,
			);
			buildRules = (
			);
			dependencies = (
				BA2172452B222893000F3122 /* PBXTargetDependency */,
			);
			name = iOSExampleRiskCocoapodsTests;
			productName = iOSExampleRiskCocoapodsTests;
			productReference = BA2172432B222893000F3122 /* iOSExampleRiskCocoapodsTests.xctest */;
			productType = "com.apple.product-type.bundle.unit-test";
		};
		BA21724C2B222893000F3122 /* iOSExampleRiskCocoapodsUITests */ = {
			isa = PBXNativeTarget;
			buildConfigurationList = BA21725D2B222893000F3122 /* Build configuration list for PBXNativeTarget "iOSExampleRiskCocoapodsUITests" */;
			buildPhases = (
				BA2172492B222893000F3122 /* Sources */,
				BA21724A2B222893000F3122 /* Frameworks */,
				BA21724B2B222893000F3122 /* Resources */,
			);
			buildRules = (
			);
			dependencies = (
				BA21724F2B222893000F3122 /* PBXTargetDependency */,
			);
			name = iOSExampleRiskCocoapodsUITests;
			productName = iOSExampleRiskCocoapodsUITests;
			productReference = BA21724D2B222893000F3122 /* iOSExampleRiskCocoapodsUITests.xctest */;
			productType = "com.apple.product-type.bundle.ui-testing";
		};
/* End PBXNativeTarget section */

/* Begin PBXProject section */
		BA21722B2B222892000F3122 /* Project object */ = {
			isa = PBXProject;
			attributes = {
				BuildIndependentTargetsInParallel = 1;
				LastSwiftUpdateCheck = 1500;
				LastUpgradeCheck = 1500;
				TargetAttributes = {
					BA2172322B222892000F3122 = {
						CreatedOnToolsVersion = 15.0.1;
					};
					BA2172422B222893000F3122 = {
						CreatedOnToolsVersion = 15.0.1;
						TestTargetID = BA2172322B222892000F3122;
					};
					BA21724C2B222893000F3122 = {
						CreatedOnToolsVersion = 15.0.1;
						TestTargetID = BA2172322B222892000F3122;
					};
				};
			};
			buildConfigurationList = BA21722E2B222892000F3122 /* Build configuration list for PBXProject "iOSExampleRiskCocoapods" */;
			compatibilityVersion = "Xcode 14.0";
			developmentRegion = en;
			hasScannedForEncodings = 0;
			knownRegions = (
				en,
				Base,
			);
			mainGroup = BA21722A2B222892000F3122;
			productRefGroup = BA2172342B222892000F3122 /* Products */;
			projectDirPath = "";
			projectRoot = "";
			targets = (
				BA2172322B222892000F3122 /* iOSExampleRiskCocoapods */,
				BA2172422B222893000F3122 /* iOSExampleRiskCocoapodsTests */,
				BA21724C2B222893000F3122 /* iOSExampleRiskCocoapodsUITests */,
			);
		};
/* End PBXProject section */

/* Begin PBXResourcesBuildPhase section */
		BA2172312B222892000F3122 /* Resources */ = {
			isa = PBXResourcesBuildPhase;
			buildActionMask = 2147483647;
			files = (
				BA21723E2B222893000F3122 /* Preview Assets.xcassets in Resources */,
				BA21723B2B222893000F3122 /* Assets.xcassets in Resources */,
			);
			runOnlyForDeploymentPostprocessing = 0;
		};
		BA2172412B222893000F3122 /* Resources */ = {
			isa = PBXResourcesBuildPhase;
			buildActionMask = 2147483647;
			files = (
			);
			runOnlyForDeploymentPostprocessing = 0;
		};
		BA21724B2B222893000F3122 /* Resources */ = {
			isa = PBXResourcesBuildPhase;
			buildActionMask = 2147483647;
			files = (
			);
			runOnlyForDeploymentPostprocessing = 0;
		};
/* End PBXResourcesBuildPhase section */

/* Begin PBXShellScriptBuildPhase section */
		2ED72596176FA413DA74DF80 /* [CP] Check Pods Manifest.lock */ = {
			isa = PBXShellScriptBuildPhase;
			buildActionMask = 2147483647;
			files = (
			);
			inputFileListPaths = (
			);
			inputPaths = (
				"${PODS_PODFILE_DIR_PATH}/Podfile.lock",
				"${PODS_ROOT}/Manifest.lock",
			);
			name = "[CP] Check Pods Manifest.lock";
			outputFileListPaths = (
			);
			outputPaths = (
				"$(DERIVED_FILE_DIR)/Pods-iOSExampleRiskCocoapods-checkManifestLockResult.txt",
			);
			runOnlyForDeploymentPostprocessing = 0;
			shellPath = /bin/sh;
			shellScript = "diff \"${PODS_PODFILE_DIR_PATH}/Podfile.lock\" \"${PODS_ROOT}/Manifest.lock\" > /dev/null\nif [ $? != 0 ] ; then\n    # print error to STDERR\n    echo \"error: The sandbox is not in sync with the Podfile.lock. Run 'pod install' or update your CocoaPods installation.\" >&2\n    exit 1\nfi\n# This output is used by Xcode 'outputs' to avoid re-running this script phase.\necho \"SUCCESS\" > \"${SCRIPT_OUTPUT_FILE_0}\"\n";
			showEnvVarsInLog = 0;
		};
		71C48496EC74D393BF92679D /* [CP] Embed Pods Frameworks */ = {
			isa = PBXShellScriptBuildPhase;
			buildActionMask = 2147483647;
			files = (
			);
			inputFileListPaths = (
				"${PODS_ROOT}/Target Support Files/Pods-iOSExampleRiskCocoapods/Pods-iOSExampleRiskCocoapods-frameworks-${CONFIGURATION}-input-files.xcfilelist",
			);
			name = "[CP] Embed Pods Frameworks";
			outputFileListPaths = (
				"${PODS_ROOT}/Target Support Files/Pods-iOSExampleRiskCocoapods/Pods-iOSExampleRiskCocoapods-frameworks-${CONFIGURATION}-output-files.xcfilelist",
			);
			runOnlyForDeploymentPostprocessing = 0;
			shellPath = /bin/sh;
			shellScript = "\"${PODS_ROOT}/Target Support Files/Pods-iOSExampleRiskCocoapods/Pods-iOSExampleRiskCocoapods-frameworks.sh\"\n";
			showEnvVarsInLog = 0;
		};
/* End PBXShellScriptBuildPhase section */

/* Begin PBXSourcesBuildPhase section */
		BA21722F2B222892000F3122 /* Sources */ = {
			isa = PBXSourcesBuildPhase;
			buildActionMask = 2147483647;
			files = (
				BA2172392B222892000F3122 /* ContentView.swift in Sources */,
				BA2172372B222892000F3122 /* iOSExampleRiskCocoapodsApp.swift in Sources */,
			);
			runOnlyForDeploymentPostprocessing = 0;
		};
		BA21723F2B222893000F3122 /* Sources */ = {
			isa = PBXSourcesBuildPhase;
			buildActionMask = 2147483647;
			files = (
				BA2172482B222893000F3122 /* iOSExampleRiskCocoapodsTests.swift in Sources */,
			);
			runOnlyForDeploymentPostprocessing = 0;
		};
		BA2172492B222893000F3122 /* Sources */ = {
			isa = PBXSourcesBuildPhase;
			buildActionMask = 2147483647;
			files = (
				BA2172542B222893000F3122 /* iOSExampleRiskCocoapodsUITestsLaunchTests.swift in Sources */,
				BA2172522B222893000F3122 /* iOSExampleRiskCocoapodsUITests.swift in Sources */,
			);
			runOnlyForDeploymentPostprocessing = 0;
		};
/* End PBXSourcesBuildPhase section */

/* Begin PBXTargetDependency section */
		BA2172452B222893000F3122 /* PBXTargetDependency */ = {
			isa = PBXTargetDependency;
			target = BA2172322B222892000F3122 /* iOSExampleRiskCocoapods */;
			targetProxy = BA2172442B222893000F3122 /* PBXContainerItemProxy */;
		};
		BA21724F2B222893000F3122 /* PBXTargetDependency */ = {
			isa = PBXTargetDependency;
			target = BA2172322B222892000F3122 /* iOSExampleRiskCocoapods */;
			targetProxy = BA21724E2B222893000F3122 /* PBXContainerItemProxy */;
		};
/* End PBXTargetDependency section */

/* Begin XCBuildConfiguration section */
		BA2172552B222893000F3122 /* Debug */ = {
			isa = XCBuildConfiguration;
			buildSettings = {
				ALWAYS_SEARCH_USER_PATHS = NO;
				ASSETCATALOG_COMPILER_GENERATE_SWIFT_ASSET_SYMBOL_EXTENSIONS = YES;
				CLANG_ANALYZER_NONNULL = YES;
				CLANG_ANALYZER_NUMBER_OBJECT_CONVERSION = YES_AGGRESSIVE;
				CLANG_CXX_LANGUAGE_STANDARD = "gnu++20";
				CLANG_ENABLE_MODULES = YES;
				CLANG_ENABLE_OBJC_ARC = YES;
				CLANG_ENABLE_OBJC_WEAK = YES;
				CLANG_WARN_BLOCK_CAPTURE_AUTORELEASING = YES;
				CLANG_WARN_BOOL_CONVERSION = YES;
				CLANG_WARN_COMMA = YES;
				CLANG_WARN_CONSTANT_CONVERSION = YES;
				CLANG_WARN_DEPRECATED_OBJC_IMPLEMENTATIONS = YES;
				CLANG_WARN_DIRECT_OBJC_ISA_USAGE = YES_ERROR;
				CLANG_WARN_DOCUMENTATION_COMMENTS = YES;
				CLANG_WARN_EMPTY_BODY = YES;
				CLANG_WARN_ENUM_CONVERSION = YES;
				CLANG_WARN_INFINITE_RECURSION = YES;
				CLANG_WARN_INT_CONVERSION = YES;
				CLANG_WARN_NON_LITERAL_NULL_CONVERSION = YES;
				CLANG_WARN_OBJC_IMPLICIT_RETAIN_SELF = YES;
				CLANG_WARN_OBJC_LITERAL_CONVERSION = YES;
				CLANG_WARN_OBJC_ROOT_CLASS = YES_ERROR;
				CLANG_WARN_QUOTED_INCLUDE_IN_FRAMEWORK_HEADER = YES;
				CLANG_WARN_RANGE_LOOP_ANALYSIS = YES;
				CLANG_WARN_STRICT_PROTOTYPES = YES;
				CLANG_WARN_SUSPICIOUS_MOVE = YES;
				CLANG_WARN_UNGUARDED_AVAILABILITY = YES_AGGRESSIVE;
				CLANG_WARN_UNREACHABLE_CODE = YES;
				CLANG_WARN__DUPLICATE_METHOD_MATCH = YES;
				COPY_PHASE_STRIP = NO;
				DEBUG_INFORMATION_FORMAT = dwarf;
				ENABLE_STRICT_OBJC_MSGSEND = YES;
				ENABLE_TESTABILITY = YES;
				ENABLE_USER_SCRIPT_SANDBOXING = NO;
				GCC_C_LANGUAGE_STANDARD = gnu17;
				GCC_DYNAMIC_NO_PIC = NO;
				GCC_NO_COMMON_BLOCKS = YES;
				GCC_OPTIMIZATION_LEVEL = 0;
				GCC_PREPROCESSOR_DEFINITIONS = (
					"DEBUG=1",
					"$(inherited)",
				);
				GCC_WARN_64_TO_32_BIT_CONVERSION = YES;
				GCC_WARN_ABOUT_RETURN_TYPE = YES_ERROR;
				GCC_WARN_UNDECLARED_SELECTOR = YES;
				GCC_WARN_UNINITIALIZED_AUTOS = YES_AGGRESSIVE;
				GCC_WARN_UNUSED_FUNCTION = YES;
				GCC_WARN_UNUSED_VARIABLE = YES;
				IPHONEOS_DEPLOYMENT_TARGET = 17.0;
				LOCALIZATION_PREFERS_STRING_CATALOGS = YES;
				MTL_ENABLE_DEBUG_INFO = INCLUDE_SOURCE;
				MTL_FAST_MATH = YES;
				ONLY_ACTIVE_ARCH = YES;
				SDKROOT = iphoneos;
				SWIFT_ACTIVE_COMPILATION_CONDITIONS = "DEBUG $(inherited)";
				SWIFT_OPTIMIZATION_LEVEL = "-Onone";
			};
			name = Debug;
		};
		BA2172562B222893000F3122 /* Release */ = {
			isa = XCBuildConfiguration;
			buildSettings = {
				ALWAYS_SEARCH_USER_PATHS = NO;
				ASSETCATALOG_COMPILER_GENERATE_SWIFT_ASSET_SYMBOL_EXTENSIONS = YES;
				CLANG_ANALYZER_NONNULL = YES;
				CLANG_ANALYZER_NUMBER_OBJECT_CONVERSION = YES_AGGRESSIVE;
				CLANG_CXX_LANGUAGE_STANDARD = "gnu++20";
				CLANG_ENABLE_MODULES = YES;
				CLANG_ENABLE_OBJC_ARC = YES;
				CLANG_ENABLE_OBJC_WEAK = YES;
				CLANG_WARN_BLOCK_CAPTURE_AUTORELEASING = YES;
				CLANG_WARN_BOOL_CONVERSION = YES;
				CLANG_WARN_COMMA = YES;
				CLANG_WARN_CONSTANT_CONVERSION = YES;
				CLANG_WARN_DEPRECATED_OBJC_IMPLEMENTATIONS = YES;
				CLANG_WARN_DIRECT_OBJC_ISA_USAGE = YES_ERROR;
				CLANG_WARN_DOCUMENTATION_COMMENTS = YES;
				CLANG_WARN_EMPTY_BODY = YES;
				CLANG_WARN_ENUM_CONVERSION = YES;
				CLANG_WARN_INFINITE_RECURSION = YES;
				CLANG_WARN_INT_CONVERSION = YES;
				CLANG_WARN_NON_LITERAL_NULL_CONVERSION = YES;
				CLANG_WARN_OBJC_IMPLICIT_RETAIN_SELF = YES;
				CLANG_WARN_OBJC_LITERAL_CONVERSION = YES;
				CLANG_WARN_OBJC_ROOT_CLASS = YES_ERROR;
				CLANG_WARN_QUOTED_INCLUDE_IN_FRAMEWORK_HEADER = YES;
				CLANG_WARN_RANGE_LOOP_ANALYSIS = YES;
				CLANG_WARN_STRICT_PROTOTYPES = YES;
				CLANG_WARN_SUSPICIOUS_MOVE = YES;
				CLANG_WARN_UNGUARDED_AVAILABILITY = YES_AGGRESSIVE;
				CLANG_WARN_UNREACHABLE_CODE = YES;
				CLANG_WARN__DUPLICATE_METHOD_MATCH = YES;
				COPY_PHASE_STRIP = NO;
				DEBUG_INFORMATION_FORMAT = "dwarf-with-dsym";
				ENABLE_NS_ASSERTIONS = NO;
				ENABLE_STRICT_OBJC_MSGSEND = YES;
				ENABLE_USER_SCRIPT_SANDBOXING = NO;
				GCC_C_LANGUAGE_STANDARD = gnu17;
				GCC_NO_COMMON_BLOCKS = YES;
				GCC_WARN_64_TO_32_BIT_CONVERSION = YES;
				GCC_WARN_ABOUT_RETURN_TYPE = YES_ERROR;
				GCC_WARN_UNDECLARED_SELECTOR = YES;
				GCC_WARN_UNINITIALIZED_AUTOS = YES_AGGRESSIVE;
				GCC_WARN_UNUSED_FUNCTION = YES;
				GCC_WARN_UNUSED_VARIABLE = YES;
				IPHONEOS_DEPLOYMENT_TARGET = 17.0;
				LOCALIZATION_PREFERS_STRING_CATALOGS = YES;
				MTL_ENABLE_DEBUG_INFO = NO;
				MTL_FAST_MATH = YES;
				SDKROOT = iphoneos;
				SWIFT_COMPILATION_MODE = wholemodule;
				VALIDATE_PRODUCT = YES;
			};
			name = Release;
		};
		BA2172582B222893000F3122 /* Debug */ = {
			isa = XCBuildConfiguration;
			baseConfigurationReference = 0F81A80E8267F26382B1AE47 /* Pods-iOSExampleRiskCocoapods.debug.xcconfig */;
			buildSettings = {
				ASSETCATALOG_COMPILER_APPICON_NAME = AppIcon;
				ASSETCATALOG_COMPILER_GLOBAL_ACCENT_COLOR_NAME = AccentColor;
				CODE_SIGN_STYLE = Automatic;
				CURRENT_PROJECT_VERSION = 1;
				DEVELOPMENT_ASSET_PATHS = "\"iOSExampleRiskCocoapods/Preview Content\"";
				ENABLE_PREVIEWS = YES;
				GENERATE_INFOPLIST_FILE = YES;
				INFOPLIST_KEY_UIApplicationSceneManifest_Generation = YES;
				INFOPLIST_KEY_UIApplicationSupportsIndirectInputEvents = YES;
				INFOPLIST_KEY_UILaunchScreen_Generation = YES;
				INFOPLIST_KEY_UISupportedInterfaceOrientations_iPad = "UIInterfaceOrientationPortrait UIInterfaceOrientationPortraitUpsideDown UIInterfaceOrientationLandscapeLeft UIInterfaceOrientationLandscapeRight";
				INFOPLIST_KEY_UISupportedInterfaceOrientations_iPhone = "UIInterfaceOrientationPortrait UIInterfaceOrientationLandscapeLeft UIInterfaceOrientationLandscapeRight";
				LD_RUNPATH_SEARCH_PATHS = (
					"$(inherited)",
					"@executable_path/Frameworks",
				);
				MARKETING_VERSION = 1.0;
				PRODUCT_BUNDLE_IDENTIFIER = com.checkout.iOSExampleRiskCocoapods;
				PRODUCT_NAME = "$(TARGET_NAME)";
				SWIFT_EMIT_LOC_STRINGS = YES;
				SWIFT_VERSION = 5.0;
				TARGETED_DEVICE_FAMILY = "1,2";
			};
			name = Debug;
		};
		BA2172592B222893000F3122 /* Release */ = {
			isa = XCBuildConfiguration;
			baseConfigurationReference = 54C7F3A5660AB4D4048B1897 /* Pods-iOSExampleRiskCocoapods.release.xcconfig */;
			buildSettings = {
				ASSETCATALOG_COMPILER_APPICON_NAME = AppIcon;
				ASSETCATALOG_COMPILER_GLOBAL_ACCENT_COLOR_NAME = AccentColor;
				CODE_SIGN_STYLE = Automatic;
				CURRENT_PROJECT_VERSION = 1;
				DEVELOPMENT_ASSET_PATHS = "\"iOSExampleRiskCocoapods/Preview Content\"";
				ENABLE_PREVIEWS = YES;
				GENERATE_INFOPLIST_FILE = YES;
				INFOPLIST_KEY_UIApplicationSceneManifest_Generation = YES;
				INFOPLIST_KEY_UIApplicationSupportsIndirectInputEvents = YES;
				INFOPLIST_KEY_UILaunchScreen_Generation = YES;
				INFOPLIST_KEY_UISupportedInterfaceOrientations_iPad = "UIInterfaceOrientationPortrait UIInterfaceOrientationPortraitUpsideDown UIInterfaceOrientationLandscapeLeft UIInterfaceOrientationLandscapeRight";
				INFOPLIST_KEY_UISupportedInterfaceOrientations_iPhone = "UIInterfaceOrientationPortrait UIInterfaceOrientationLandscapeLeft UIInterfaceOrientationLandscapeRight";
				LD_RUNPATH_SEARCH_PATHS = (
					"$(inherited)",
					"@executable_path/Frameworks",
				);
				MARKETING_VERSION = 1.0;
				PRODUCT_BUNDLE_IDENTIFIER = com.checkout.iOSExampleRiskCocoapods;
				PRODUCT_NAME = "$(TARGET_NAME)";
				SWIFT_EMIT_LOC_STRINGS = YES;
				SWIFT_VERSION = 5.0;
				TARGETED_DEVICE_FAMILY = "1,2";
			};
			name = Release;
		};
		BA21725B2B222893000F3122 /* Debug */ = {
			isa = XCBuildConfiguration;
			buildSettings = {
				ALWAYS_EMBED_SWIFT_STANDARD_LIBRARIES = YES;
				BUNDLE_LOADER = "$(TEST_HOST)";
				CODE_SIGN_STYLE = Automatic;
				CURRENT_PROJECT_VERSION = 1;
				GENERATE_INFOPLIST_FILE = YES;
				IPHONEOS_DEPLOYMENT_TARGET = 17.0;
				MARKETING_VERSION = 1.0;
				PRODUCT_BUNDLE_IDENTIFIER = com.checkout.iOSExampleRiskCocoapodsTests;
				PRODUCT_NAME = "$(TARGET_NAME)";
				SWIFT_EMIT_LOC_STRINGS = NO;
				SWIFT_VERSION = 5.0;
				TARGETED_DEVICE_FAMILY = "1,2";
				TEST_HOST = "$(BUILT_PRODUCTS_DIR)/iOSExampleRiskCocoapods.app/$(BUNDLE_EXECUTABLE_FOLDER_PATH)/iOSExampleRiskCocoapods";
			};
			name = Debug;
		};
		BA21725C2B222893000F3122 /* Release */ = {
			isa = XCBuildConfiguration;
			buildSettings = {
				ALWAYS_EMBED_SWIFT_STANDARD_LIBRARIES = YES;
				BUNDLE_LOADER = "$(TEST_HOST)";
				CODE_SIGN_STYLE = Automatic;
				CURRENT_PROJECT_VERSION = 1;
				GENERATE_INFOPLIST_FILE = YES;
				IPHONEOS_DEPLOYMENT_TARGET = 17.0;
				MARKETING_VERSION = 1.0;
				PRODUCT_BUNDLE_IDENTIFIER = com.checkout.iOSExampleRiskCocoapodsTests;
				PRODUCT_NAME = "$(TARGET_NAME)";
				SWIFT_EMIT_LOC_STRINGS = NO;
				SWIFT_VERSION = 5.0;
				TARGETED_DEVICE_FAMILY = "1,2";
				TEST_HOST = "$(BUILT_PRODUCTS_DIR)/iOSExampleRiskCocoapods.app/$(BUNDLE_EXECUTABLE_FOLDER_PATH)/iOSExampleRiskCocoapods";
			};
			name = Release;
		};
		BA21725E2B222893000F3122 /* Debug */ = {
			isa = XCBuildConfiguration;
			buildSettings = {
				ALWAYS_EMBED_SWIFT_STANDARD_LIBRARIES = YES;
				CODE_SIGN_STYLE = Automatic;
				CURRENT_PROJECT_VERSION = 1;
				GENERATE_INFOPLIST_FILE = YES;
				MARKETING_VERSION = 1.0;
				PRODUCT_BUNDLE_IDENTIFIER = com.checkout.iOSExampleRiskCocoapodsUITests;
				PRODUCT_NAME = "$(TARGET_NAME)";
				SWIFT_EMIT_LOC_STRINGS = NO;
				SWIFT_VERSION = 5.0;
				TARGETED_DEVICE_FAMILY = "1,2";
				TEST_TARGET_NAME = iOSExampleRiskCocoapods;
			};
			name = Debug;
		};
		BA21725F2B222893000F3122 /* Release */ = {
			isa = XCBuildConfiguration;
			buildSettings = {
				ALWAYS_EMBED_SWIFT_STANDARD_LIBRARIES = YES;
				CODE_SIGN_STYLE = Automatic;
				CURRENT_PROJECT_VERSION = 1;
				GENERATE_INFOPLIST_FILE = YES;
				MARKETING_VERSION = 1.0;
				PRODUCT_BUNDLE_IDENTIFIER = com.checkout.iOSExampleRiskCocoapodsUITests;
				PRODUCT_NAME = "$(TARGET_NAME)";
				SWIFT_EMIT_LOC_STRINGS = NO;
				SWIFT_VERSION = 5.0;
				TARGETED_DEVICE_FAMILY = "1,2";
				TEST_TARGET_NAME = iOSExampleRiskCocoapods;
			};
			name = Release;
		};
/* End XCBuildConfiguration section */

/* Begin XCConfigurationList section */
		BA21722E2B222892000F3122 /* Build configuration list for PBXProject "iOSExampleRiskCocoapods" */ = {
			isa = XCConfigurationList;
			buildConfigurations = (
				BA2172552B222893000F3122 /* Debug */,
				BA2172562B222893000F3122 /* Release */,
			);
			defaultConfigurationIsVisible = 0;
			defaultConfigurationName = Release;
		};
		BA2172572B222893000F3122 /* Build configuration list for PBXNativeTarget "iOSExampleRiskCocoapods" */ = {
			isa = XCConfigurationList;
			buildConfigurations = (
				BA2172582B222893000F3122 /* Debug */,
				BA2172592B222893000F3122 /* Release */,
			);
			defaultConfigurationIsVisible = 0;
			defaultConfigurationName = Release;
		};
		BA21725A2B222893000F3122 /* Build configuration list for PBXNativeTarget "iOSExampleRiskCocoapodsTests" */ = {
			isa = XCConfigurationList;
			buildConfigurations = (
				BA21725B2B222893000F3122 /* Debug */,
				BA21725C2B222893000F3122 /* Release */,
			);
			defaultConfigurationIsVisible = 0;
			defaultConfigurationName = Release;
		};
		BA21725D2B222893000F3122 /* Build configuration list for PBXNativeTarget "iOSExampleRiskCocoapodsUITests" */ = {
			isa = XCConfigurationList;
			buildConfigurations = (
				BA21725E2B222893000F3122 /* Debug */,
				BA21725F2B222893000F3122 /* Release */,
			);
			defaultConfigurationIsVisible = 0;
			defaultConfigurationName = Release;
		};
/* End XCConfigurationList section */
	};
	rootObject = BA21722B2B222892000F3122 /* Project object */;
}
