PODS:
  - CheckoutEventLoggerKit (1.2.4)
  - FingerprintJS (1.7.0):
    - FingerprintJS/Core (= 1.7.0)
  - FingerprintJS/Core (1.7.0):
    - FingerprintJS/SystemControl
  - FingerprintJS/SystemControl (1.7.0)
  - FingerprintPro (2.17.1)
  - Risk (4.1.0):
    - CheckoutEventLoggerKit (~> 1.2.4)
    - FingerprintJS (< 2.0.0, >= 1.7.0)
    - FingerprintPro (< 3.0.0, >= 2.12.0)

DEPENDENCIES:
  - Risk (from `../`)

SPEC REPOS:
  trunk:
    - CheckoutEventLoggerKit
    - FingerprintJS
    - FingerprintPro

EXTERNAL SOURCES:
  Risk:
    :path: "../"

SPEC CHECKSUMS:
  CheckoutEventLoggerKit: b780dec46295a34942780ea6230d0d5fd08aa05a
  FingerprintJS: afb6185cf6951b60adc334f41d63e2e0a520bcf4
  FingerprintPro: 7a746c73201be4f79cbe34fac8f73f8e11f4c3bd
  Risk: 0cecd4b89308296b3a40d7a3fcc4bf3115665ff2

PODFILE CHECKSUM: a69f511add1d2778d3ef82907c4e0d234bda1f8d

COCOAPODS: 1.16.2
